
Microsoft Visual Studio Solution File, Format Version 12.00
# Visual Studio Version 17
VisualStudioVersion = 17.8.34330.188
MinimumVisualStudioVersion = 10.0.40219.1
Project("{FAE04EC0-301F-11D3-BF4B-00C04F79EFBC}") = "MealApiDemo", "MealApiDemo.csproj", "{6CB7F6E3-BA9A-428C-A80F-2B219EF6D7AF}"
EndProject
Global
	GlobalSection(SolutionConfigurationPlatforms) = preSolution
		Debug|Any CPU = Debug|Any CPU
		Release|Any CPU = Release|Any CPU
	EndGlobalSection
	GlobalSection(ProjectConfigurationPlatforms) = postSolution
		{6CB7F6E3-BA9A-428C-A80F-2B219EF6D7AF}.Debug|Any CPU.ActiveCfg = Debug|Any CPU
		{6CB7F6E3-BA9A-428C-A80F-2B219EF6D7AF}.Debug|Any CPU.Build.0 = Debug|Any CPU
		{6CB7F6E3-BA9A-428C-A80F-2B219EF6D7AF}.Release|Any CPU.ActiveCfg = Release|Any CPU
		{6CB7F6E3-BA9A-428C-A80F-2B219EF6D7AF}.Release|Any CPU.Build.0 = Release|Any CPU
	EndGlobalSection
	GlobalSection(SolutionProperties) = preSolution
		HideSolutionNode = FALSE
	EndGlobalSection
	GlobalSection(ExtensibilityGlobals) = postSolution
		SolutionGuid = {3F448B5B-DA3A-4624-9CFD-15B94AFD7385}
	EndGlobalSection
EndGlobal
